
Microsoft Visual Studio Solution File, Format Version 12.00
# Visual Studio Version 17
VisualStudioVersion = 17.4.33213.308
MinimumVisualStudioVersion = 10.0.40219.1
Project("{FAE04EC0-301F-11D3-BF4B-00C04F79EFBC}") = "TaskProgram.Dekstop", "TaskProgram.Dekstop\TaskProgram.Dekstop.csproj", "{FF536648-2A58-472F-AA4A-52207BE769C7}"
EndProject
Project("{FAE04EC0-301F-11D3-BF4B-00C04F79EFBC}") = "TaskProgram.Common", "TaskProgram.Common\TaskProgram.Common.csproj", "{F2EDBB4B-2D24-4B18-A358-BD9F57299D52}"
EndProject
Project("{FAE04EC0-301F-11D3-BF4B-00C04F79EFBC}") = "TaskProgram.Database", "TaskProgram.Database\TaskProgram.Database.csproj", "{FFFA07F5-BF9E-434C-B197-A7A43E68FC66}"
EndProject
Project("{FAE04EC0-301F-11D3-BF4B-00C04F79EFBC}") = "TaskProgram.Services", "TaskProgram.Services\TaskProgram.Services.csproj", "{DECDD9E7-8368-4196-AA6F-BED0AB141B41}"
EndProject
Global
	GlobalSection(SolutionConfigurationPlatforms) = preSolution
		Debug|Any CPU = Debug|Any CPU
		Release|Any CPU = Release|Any CPU
	EndGlobalSection
	GlobalSection(ProjectConfigurationPlatforms) = postSolution
		{FF536648-2A58-472F-AA4A-52207BE769C7}.Debug|Any CPU.ActiveCfg = Debug|Any CPU
		{FF536648-2A58-472F-AA4A-52207BE769C7}.Debug|Any CPU.Build.0 = Debug|Any CPU
		{FF536648-2A58-472F-AA4A-52207BE769C7}.Release|Any CPU.ActiveCfg = Release|Any CPU
		{FF536648-2A58-472F-AA4A-52207BE769C7}.Release|Any CPU.Build.0 = Release|Any CPU
		{F2EDBB4B-2D24-4B18-A358-BD9F57299D52}.Debug|Any CPU.ActiveCfg = Debug|Any CPU
		{F2EDBB4B-2D24-4B18-A358-BD9F57299D52}.Debug|Any CPU.Build.0 = Debug|Any CPU
		{F2EDBB4B-2D24-4B18-A358-BD9F57299D52}.Release|Any CPU.ActiveCfg = Release|Any CPU
		{F2EDBB4B-2D24-4B18-A358-BD9F57299D52}.Release|Any CPU.Build.0 = Release|Any CPU
		{FFFA07F5-BF9E-434C-B197-A7A43E68FC66}.Debug|Any CPU.ActiveCfg = Debug|Any CPU
		{FFFA07F5-BF9E-434C-B197-A7A43E68FC66}.Debug|Any CPU.Build.0 = Debug|Any CPU
		{FFFA07F5-BF9E-434C-B197-A7A43E68FC66}.Release|Any CPU.ActiveCfg = Release|Any CPU
		{FFFA07F5-BF9E-434C-B197-A7A43E68FC66}.Release|Any CPU.Build.0 = Release|Any CPU
		{DECDD9E7-8368-4196-AA6F-BED0AB141B41}.Debug|Any CPU.ActiveCfg = Debug|Any CPU
		{DECDD9E7-8368-4196-AA6F-BED0AB141B41}.Debug|Any CPU.Build.0 = Debug|Any CPU
		{DECDD9E7-8368-4196-AA6F-BED0AB141B41}.Release|Any CPU.ActiveCfg = Release|Any CPU
		{DECDD9E7-8368-4196-AA6F-BED0AB141B41}.Release|Any CPU.Build.0 = Release|Any CPU
	EndGlobalSection
	GlobalSection(SolutionProperties) = preSolution
		HideSolutionNode = FALSE
	EndGlobalSection
	GlobalSection(ExtensibilityGlobals) = postSolution
		SolutionGuid = {1FB07D91-EBEA-4C24-B015-798D62DABC69}
	EndGlobalSection
EndGlobal
